
Microsoft Visual Studio Solution File, Format Version 12.00
# Visual Studio Version 17
VisualStudioVersion = 17.10.34916.146
MinimumVisualStudioVersion = 10.0.40219.1
Project("{FAE04EC0-301F-11D3-BF4B-00C04F79EFBC}") = "APPZ_Lab_2", "APPZ_Lab_2\APPZ_Lab_2.csproj", "{57941FDF-9070-4AA8-A1AA-A32AC0EAD70F}"
EndProject
Global
	GlobalSection(SolutionConfigurationPlatforms) = preSolution
		Debug|Any CPU = Debug|Any CPU
		Release|Any CPU = Release|Any CPU
	EndGlobalSection
	GlobalSection(ProjectConfigurationPlatforms) = postSolution
		{57941FDF-9070-4AA8-A1AA-A32AC0EAD70F}.Debug|Any CPU.ActiveCfg = Debug|Any CPU
		{57941FDF-9070-4AA8-A1AA-A32AC0EAD70F}.Debug|Any CPU.Build.0 = Debug|Any CPU
		{57941FDF-9070-4AA8-A1AA-A32AC0EAD70F}.Release|Any CPU.ActiveCfg = Release|Any CPU
		{57941FDF-9070-4AA8-A1AA-A32AC0EAD70F}.Release|Any CPU.Build.0 = Release|Any CPU
	EndGlobalSection
	GlobalSection(SolutionProperties) = preSolution
		HideSolutionNode = FALSE
	EndGlobalSection
	GlobalSection(ExtensibilityGlobals) = postSolution
		SolutionGuid = {6B2013DA-FA30-47A2-AB54-4FD5AAC743E2}
	EndGlobalSection
EndGlobal
